
Microsoft Visual Studio Solution File, Format Version 11.00
# Visual Studio 2010
Project("{FAE04EC0-301F-11D3-BF4B-00C04F79EFBC}") = "KIELERLayout", "KIELERLayout\KIELERLayout.csproj", "{32228580-B2B1-4043-98B1-AC93361279F9}"
EndProject
Global
	GlobalSection(SolutionConfigurationPlatforms) = preSolution
		Debug|x86 = Debug|x86
		Release|x86 = Release|x86
	EndGlobalSection
	GlobalSection(ProjectConfigurationPlatforms) = postSolution
		{32228580-B2B1-4043-98B1-AC93361279F9}.Debug|x86.ActiveCfg = Debug|x86
		{32228580-B2B1-4043-98B1-AC93361279F9}.Debug|x86.Build.0 = Debug|x86
		{32228580-B2B1-4043-98B1-AC93361279F9}.Release|x86.ActiveCfg = Release|x86
		{32228580-B2B1-4043-98B1-AC93361279F9}.Release|x86.Build.0 = Release|x86
	EndGlobalSection
	GlobalSection(SolutionProperties) = preSolution
		HideSolutionNode = FALSE
	EndGlobalSection
EndGlobal
